
Microsoft Visual Studio Solution File, Format Version 12.00
# Visual Studio Version 17
VisualStudioVersion = 17.7.34009.444
MinimumVisualStudioVersion = 10.0.40219.1
Project("{FAE04EC0-301F-11D3-BF4B-00C04F79EFBC}") = "SSE.Assessment", "SSE.Assessment.csproj", "{F7671E7D-1676-4433-9340-BF1A28840FE5}"
EndProject
Global
	GlobalSection(SolutionConfigurationPlatforms) = preSolution
		Debug|Any CPU = Debug|Any CPU
		Release|Any CPU = Release|Any CPU
	EndGlobalSection
	GlobalSection(ProjectConfigurationPlatforms) = postSolution
		{F7671E7D-1676-4433-9340-BF1A28840FE5}.Debug|Any CPU.ActiveCfg = Debug|Any CPU
		{F7671E7D-1676-4433-9340-BF1A28840FE5}.Debug|Any CPU.Build.0 = Debug|Any CPU
		{F7671E7D-1676-4433-9340-BF1A28840FE5}.Release|Any CPU.ActiveCfg = Release|Any CPU
		{F7671E7D-1676-4433-9340-BF1A28840FE5}.Release|Any CPU.Build.0 = Release|Any CPU
	EndGlobalSection
	GlobalSection(SolutionProperties) = preSolution
		HideSolutionNode = FALSE
	EndGlobalSection
	GlobalSection(ExtensibilityGlobals) = postSolution
		SolutionGuid = {F8855FED-411E-47AF-979C-64D65DAB22EA}
	EndGlobalSection
EndGlobal
